
Microsoft Visual Studio Solution File, Format Version 12.00
# Visual Studio Version 17
VisualStudioVersion = 17.5.33530.505
MinimumVisualStudioVersion = 10.0.40219.1
Project("{FAE04EC0-301F-11D3-BF4B-00C04F79EFBC}") = "IdentityTest", "IdentityTest\IdentityTest.csproj", "{FC93D7FE-DB68-41B2-8B73-4B36760CA7AA}"
EndProject
Global
	GlobalSection(SolutionConfigurationPlatforms) = preSolution
		Debug|Any CPU = Debug|Any CPU
		Release|Any CPU = Release|Any CPU
	EndGlobalSection
	GlobalSection(ProjectConfigurationPlatforms) = postSolution
		{FC93D7FE-DB68-41B2-8B73-4B36760CA7AA}.Debug|Any CPU.ActiveCfg = Debug|Any CPU
		{FC93D7FE-DB68-41B2-8B73-4B36760CA7AA}.Debug|Any CPU.Build.0 = Debug|Any CPU
		{FC93D7FE-DB68-41B2-8B73-4B36760CA7AA}.Release|Any CPU.ActiveCfg = Release|Any CPU
		{FC93D7FE-DB68-41B2-8B73-4B36760CA7AA}.Release|Any CPU.Build.0 = Release|Any CPU
	EndGlobalSection
	GlobalSection(SolutionProperties) = preSolution
		HideSolutionNode = FALSE
	EndGlobalSection
	GlobalSection(ExtensibilityGlobals) = postSolution
		SolutionGuid = {1DD3AAFB-B9E9-4913-B311-4DCEF7252834}
	EndGlobalSection
EndGlobal
